
Microsoft Visual Studio Solution File, Format Version 12.00
# Visual Studio Version 16
VisualStudioVersion = 16.0.31624.102
MinimumVisualStudioVersion = 10.0.40219.1
Project("{2150E333-8FDC-42A3-9474-1A3956D46DE8}") = "00 - Solution Items", "00 - Solution Items", "{CCA7DB2F-F543-4C9A-B0B8-D3C5182485A8}"
	ProjectSection(SolutionItems) = preProject
		.editorconfig = .editorconfig
		.gitattributes = .gitattributes
		.gitignore = .gitignore
		README.md = README.md
	EndProjectSection
EndProject
Project("{2150E333-8FDC-42A3-9474-1A3956D46DE8}") = "10 - UI", "10 - UI", "{1BF25929-DB53-4308-8EE7-4B9F2857926F}"
EndProject
Project("{9A19103F-16F7-4668-BE54-9A1E7A4F7556}") = "Umbraco.Docs.Preview.App", "src\Umbraco.Docs.Preview.App\Umbraco.Docs.Preview.App.csproj", "{080E3974-CDB2-46A1-A2A2-D26201626709}"
EndProject
Global
	GlobalSection(SolutionConfigurationPlatforms) = preSolution
		Debug|Any CPU = Debug|Any CPU
		Release|Any CPU = Release|Any CPU
	EndGlobalSection
	GlobalSection(ProjectConfigurationPlatforms) = postSolution
		{080E3974-CDB2-46A1-A2A2-D26201626709}.Debug|Any CPU.ActiveCfg = Debug|Any CPU
		{080E3974-CDB2-46A1-A2A2-D26201626709}.Debug|Any CPU.Build.0 = Debug|Any CPU
		{080E3974-CDB2-46A1-A2A2-D26201626709}.Release|Any CPU.ActiveCfg = Release|Any CPU
		{080E3974-CDB2-46A1-A2A2-D26201626709}.Release|Any CPU.Build.0 = Release|Any CPU
	EndGlobalSection
	GlobalSection(SolutionProperties) = preSolution
		HideSolutionNode = FALSE
	EndGlobalSection
	GlobalSection(NestedProjects) = preSolution
		{080E3974-CDB2-46A1-A2A2-D26201626709} = {1BF25929-DB53-4308-8EE7-4B9F2857926F}
	EndGlobalSection
	GlobalSection(ExtensibilityGlobals) = postSolution
		SolutionGuid = {7F0AC3EF-B608-438B-84DA-90CC8BEC0E23}
	EndGlobalSection
EndGlobal
